PODS:
  - LibTorch (0.0.2):
    - LibTorch/Core (= 0.0.2)
  - LibTorch/Core (0.0.2):
    - LibTorch/Torch
  - LibTorch/Torch (0.0.2)

DEPENDENCIES:
  - LibTorch

SPEC REPOS:
  https://github.com/cocoapods/specs.git:
    - LibTorch

SPEC CHECKSUMS:
  LibTorch: f4b576069920da1c6d9963ccb3c737529c6cc991

PODFILE CHECKSUM: b09f48481e5f7760a7e4e29c0357258859f88a24

COCOAPODS: 1.7.1
