PODS:
  - LibTorch (0.0.2):
    - LibTorch/Core (= 0.0.2)
  - LibTorch/Core (0.0.2):
    - LibTorch/Torch
  - LibTorch/Torch (0.0.2)

DEPENDENCIES:
  - LibTorch (~> 0.0.2)

SPEC REPOS:
  https://github.com/cocoapods/specs.git:
    - LibTorch

SPEC CHECKSUMS:
  LibTorch: f4b576069920da1c6d9963ccb3c737529c6cc991

PODFILE CHECKSUM: 1aa5877cbbb4a170a1250e072468bcda30d77eca

COCOAPODS: 1.7.1
